// !$*UTF8*$!
{
	archiveVersion = 1;
	classes = {
	};
	objectVersion = 56;
	objects = {

/* Begin PBXBuildFile section */
		304336522AC8CC2F006AF34B /* Task_ListApp.swift in Sources */ = {isa = PBXBuildFile; fileRef = 304336512AC8CC2F006AF34B /* Task_ListApp.swift */; };
		304336542AC8CC2F006AF34B /* ContentView.swift in Sources */ = {isa = PBXBuildFile; fileRef = 304336532AC8CC2F006AF34B /* ContentView.swift */; };
		304336562AC8CC31006AF34B /* Assets.xcassets in Resources */ = {isa = PBXBuildFile; fileRef = 304336552AC8CC31006AF34B /* Assets.xcassets */; };
		304336592AC8CC31006AF34B /* Preview Assets.xcassets in Resources */ = {isa = PBXBuildFile; fileRef = 304336582AC8CC31006AF34B /* Preview Assets.xcassets */; };
		304336632AC8CD13006AF34B /* Task.swift in Sources */ = {isa = PBXBuildFile; fileRef = 304336622AC8CD13006AF34B /* Task.swift */; };
		304336652AC8CD7E006AF34B /* Store.swift in Sources */ = {isa = PBXBuildFile; fileRef = 304336642AC8CD7E006AF34B /* Store.swift */; };
		304336672AC8D38A006AF34B /* TasksView.swift in Sources */ = {isa = PBXBuildFile; fileRef = 304336662AC8D38A006AF34B /* TasksView.swift */; };
		30B444732AC9BC37008AB7AE /* TaskDetailsView.swift in Sources */ = {isa = PBXBuildFile; fileRef = 30B444722AC9BC37008AB7AE /* TaskDetailsView.swift */; };
		30B444752ACA3F30008AB7AE /* NewTaskSheetView.swift in Sources */ = {isa = PBXBuildFile; fileRef = 30B444742ACA3F30008AB7AE /* NewTaskSheetView.swift */; };
/* End PBXBuildFile section */

/* Begin PBXFileReference section */
		3043364E2AC8CC2F006AF34B /* Task List.app */ = {isa = PBXFileReference; explicitFileType = wrapper.application; includeInIndex = 0; path = "Task List.app"; sourceTree = BUILT_PRODUCTS_DIR; };
		304336512AC8CC2F006AF34B /* Task_ListApp.swift */ = {isa = PBXFileReference; lastKnownFileType = sourcecode.swift; path = Task_ListApp.swift; sourceTree = "<group>"; };
		304336532AC8CC2F006AF34B /* ContentView.swift */ = {isa = PBXFileReference; lastKnownFileType = sourcecode.swift; path = ContentView.swift; sourceTree = "<group>"; };
		304336552AC8CC31006AF34B /* Assets.xcassets */ = {isa = PBXFileReference; lastKnownFileType = folder.assetcatalog; path = Assets.xcassets; sourceTree = "<group>"; };
		304336582AC8CC31006AF34B /* Preview Assets.xcassets */ = {isa = PBXFileReference; lastKnownFileType = folder.assetcatalog; path = "Preview Assets.xcassets"; sourceTree = "<group>"; };
		304336622AC8CD13006AF34B /* Task.swift */ = {isa = PBXFileReference; lastKnownFileType = sourcecode.swift; path = Task.swift; sourceTree = "<group>"; };
		304336642AC8CD7E006AF34B /* Store.swift */ = {isa = PBXFileReference; lastKnownFileType = sourcecode.swift; path = Store.swift; sourceTree = "<group>"; };
		304336662AC8D38A006AF34B /* TasksView.swift */ = {isa = PBXFileReference; lastKnownFileType = sourcecode.swift; path = TasksView.swift; sourceTree = "<group>"; };
		30B444722AC9BC37008AB7AE /* TaskDetailsView.swift */ = {isa = PBXFileReference; lastKnownFileType = sourcecode.swift; path = TaskDetailsView.swift; sourceTree = "<group>"; };
		30B444742ACA3F30008AB7AE /* NewTaskSheetView.swift */ = {isa = PBXFileReference; lastKnownFileType = sourcecode.swift; path = NewTaskSheetView.swift; sourceTree = "<group>"; };
/* End PBXFileReference section */

/* Begin PBXFrameworksBuildPhase section */
		3043364B2AC8CC2F006AF34B /* Frameworks */ = {
			isa = PBXFrameworksBuildPhase;
			buildActionMask = 2147483647;
			files = (
			);
			runOnlyForDeploymentPostprocessing = 0;
		};
/* End PBXFrameworksBuildPhase section */

/* Begin PBXGroup section */
		304336452AC8CC2F006AF34B = {
			isa = PBXGroup;
			children = (
				304336502AC8CC2F006AF34B /* Task List */,
				3043364F2AC8CC2F006AF34B /* Products */,
			);
			sourceTree = "<group>";
		};
		3043364F2AC8CC2F006AF34B /* Products */ = {
			isa = PBXGroup;
			children = (
				3043364E2AC8CC2F006AF34B /* Task List.app */,
			);
			name = Products;
			sourceTree = "<group>";
		};
		304336502AC8CC2F006AF34B /* Task List */ = {
			isa = PBXGroup;
			children = (
				304336612AC8CCE2006AF34B /* View */,
				3043365F2AC8CCC7006AF34B /* Model */,
				304336602AC8CCD0006AF34B /* ViewModel */,
				304336512AC8CC2F006AF34B /* Task_ListApp.swift */,
				304336532AC8CC2F006AF34B /* ContentView.swift */,
				304336552AC8CC31006AF34B /* Assets.xcassets */,
				304336572AC8CC31006AF34B /* Preview Content */,
			);
			path = "Task List";
			sourceTree = "<group>";
		};
		304336572AC8CC31006AF34B /* Preview Content */ = {
			isa = PBXGroup;
			children = (
				304336582AC8CC31006AF34B /* Preview Assets.xcassets */,
			);
			path = "Preview Content";
			sourceTree = "<group>";
		};
		3043365F2AC8CCC7006AF34B /* Model */ = {
			isa = PBXGroup;
			children = (
				304336622AC8CD13006AF34B /* Task.swift */,
			);
			path = Model;
			sourceTree = "<group>";
		};
		304336602AC8CCD0006AF34B /* ViewModel */ = {
			isa = PBXGroup;
			children = (
				304336642AC8CD7E006AF34B /* Store.swift */,
			);
			path = ViewModel;
			sourceTree = "<group>";
		};
		304336612AC8CCE2006AF34B /* View */ = {
			isa = PBXGroup;
			children = (
				304336662AC8D38A006AF34B /* TasksView.swift */,
				30B444722AC9BC37008AB7AE /* TaskDetailsView.swift */,
				30B444742ACA3F30008AB7AE /* NewTaskSheetView.swift */,
			);
			path = View;
			sourceTree = "<group>";
		};
/* End PBXGroup section */

/* Begin PBXNativeTarget section */
		3043364D2AC8CC2F006AF34B /* Task List */ = {
			isa = PBXNativeTarget;
			buildConfigurationList = 3043365C2AC8CC31006AF34B /* Build configuration list for PBXNativeTarget "Task List" */;
			buildPhases = (
				3043364A2AC8CC2F006AF34B /* Sources */,
				3043364B2AC8CC2F006AF34B /* Frameworks */,
				3043364C2AC8CC2F006AF34B /* Resources */,
			);
			buildRules = (
			);
			dependencies = (
			);
			name = "Task List";
			productName = "Task List";
			productReference = 3043364E2AC8CC2F006AF34B /* Task List.app */;
			productType = "com.apple.product-type.application";
		};
/* End PBXNativeTarget section */

/* Begin PBXProject section */
		304336462AC8CC2F006AF34B /* Project object */ = {
			isa = PBXProject;
			attributes = {
				BuildIndependentTargetsInParallel = 1;
				LastSwiftUpdateCheck = 1420;
				LastUpgradeCheck = 1420;
				TargetAttributes = {
					3043364D2AC8CC2F006AF34B = {
						CreatedOnToolsVersion = 14.2;
					};
				};
			};
			buildConfigurationList = 304336492AC8CC2F006AF34B /* Build configuration list for PBXProject "Task List" */;
			compatibilityVersion = "Xcode 14.0";
			developmentRegion = en;
			hasScannedForEncodings = 0;
			knownRegions = (
				en,
				Base,
			);
			mainGroup = 304336452AC8CC2F006AF34B;
			productRefGroup = 3043364F2AC8CC2F006AF34B /* Products */;
			projectDirPath = "";
			projectRoot = "";
			targets = (
				3043364D2AC8CC2F006AF34B /* Task List */,
			);
		};
/* End PBXProject section */

/* Begin PBXResourcesBuildPhase section */
		3043364C2AC8CC2F006AF34B /* Resources */ = {
			isa = PBXResourcesBuildPhase;
			buildActionMask = 2147483647;
			files = (
				304336592AC8CC31006AF34B /* Preview Assets.xcassets in Resources */,
				304336562AC8CC31006AF34B /* Assets.xcassets in Resources */,
			);
			runOnlyForDeploymentPostprocessing = 0;
		};
/* End PBXResourcesBuildPhase section */

/* Begin PBXSourcesBuildPhase section */
		3043364A2AC8CC2F006AF34B /* Sources */ = {
			isa = PBXSourcesBuildPhase;
			buildActionMask = 2147483647;
			files = (
				304336542AC8CC2F006AF34B /* ContentView.swift in Sources */,
				304336632AC8CD13006AF34B /* Task.swift in Sources */,
				30B444732AC9BC37008AB7AE /* TaskDetailsView.swift in Sources */,
				304336522AC8CC2F006AF34B /* Task_ListApp.swift in Sources */,
				304336652AC8CD7E006AF34B /* Store.swift in Sources */,
				304336672AC8D38A006AF34B /* TasksView.swift in Sources */,
				30B444752ACA3F30008AB7AE /* NewTaskSheetView.swift in Sources */,
			);
			runOnlyForDeploymentPostprocessing = 0;
		};
/* End PBXSourcesBuildPhase section */

/* Begin XCBuildConfiguration section */
		3043365A2AC8CC31006AF34B /* Debug */ = {
			isa = XCBuildConfiguration;
			buildSettings = {
				ALWAYS_SEARCH_USER_PATHS = NO;
				CLANG_ANALYZER_NONNULL = YES;
				CLANG_ANALYZER_NUMBER_OBJECT_CONVERSION = YES_AGGRESSIVE;
				CLANG_CXX_LANGUAGE_STANDARD = "gnu++20";
				CLANG_ENABLE_MODULES = YES;
				CLANG_ENABLE_OBJC_ARC = YES;
				CLANG_ENABLE_OBJC_WEAK = YES;
				CLANG_WARN_BLOCK_CAPTURE_AUTORELEASING = YES;
				CLANG_WARN_BOOL_CONVERSION = YES;
				CLANG_WARN_COMMA = YES;
				CLANG_WARN_CONSTANT_CONVERSION = YES;
				CLANG_WARN_DEPRECATED_OBJC_IMPLEMENTATIONS = YES;
				CLANG_WARN_DIRECT_OBJC_ISA_USAGE = YES_ERROR;
				CLANG_WARN_DOCUMENTATION_COMMENTS = YES;
				CLANG_WARN_EMPTY_BODY = YES;
				CLANG_WARN_ENUM_CONVERSION = YES;
				CLANG_WARN_INFINITE_RECURSION = YES;
				CLANG_WARN_INT_CONVERSION = YES;
				CLANG_WARN_NON_LITERAL_NULL_CONVERSION = YES;
				CLANG_WARN_OBJC_IMPLICIT_RETAIN_SELF = YES;
				CLANG_WARN_OBJC_LITERAL_CONVERSION = YES;
				CLANG_WARN_OBJC_ROOT_CLASS = YES_ERROR;
				CLANG_WARN_QUOTED_INCLUDE_IN_FRAMEWORK_HEADER = YES;
				CLANG_WARN_RANGE_LOOP_ANALYSIS = YES;
				CLANG_WARN_STRICT_PROTOTYPES = YES;
				CLANG_WARN_SUSPICIOUS_MOVE = YES;
				CLANG_WARN_UNGUARDED_AVAILABILITY = YES_AGGRESSIVE;
				CLANG_WARN_UNREACHABLE_CODE = YES;
				CLANG_WARN__DUPLICATE_METHOD_MATCH = YES;
				COPY_PHASE_STRIP = NO;
				DEBUG_INFORMATION_FORMAT = dwarf;
				ENABLE_STRICT_OBJC_MSGSEND = YES;
				ENABLE_TESTABILITY = YES;
				GCC_C_LANGUAGE_STANDARD = gnu11;
				GCC_DYNAMIC_NO_PIC = NO;
				GCC_NO_COMMON_BLOCKS = YES;
				GCC_OPTIMIZATION_LEVEL = 0;
				GCC_PREPROCESSOR_DEFINITIONS = (
					"DEBUG=1",
					"$(inherited)",
				);
				GCC_WARN_64_TO_32_BIT_CONVERSION = YES;
				GCC_WARN_ABOUT_RETURN_TYPE = YES_ERROR;
				GCC_WARN_UNDECLARED_SELECTOR = YES;
				GCC_WARN_UNINITIALIZED_AUTOS = YES_AGGRESSIVE;
				GCC_WARN_UNUSED_FUNCTION = YES;
				GCC_WARN_UNUSED_VARIABLE = YES;
				IPHONEOS_DEPLOYMENT_TARGET = 16.2;
				MTL_ENABLE_DEBUG_INFO = INCLUDE_SOURCE;
				MTL_FAST_MATH = YES;
				ONLY_ACTIVE_ARCH = YES;
				SDKROOT = iphoneos;
				SWIFT_ACTIVE_COMPILATION_CONDITIONS = DEBUG;
				SWIFT_OPTIMIZATION_LEVEL = "-Onone";
			};
			name = Debug;
		};
		3043365B2AC8CC31006AF34B /* Release */ = {
			isa = XCBuildConfiguration;
			buildSettings = {
				ALWAYS_SEARCH_USER_PATHS = NO;
				CLANG_ANALYZER_NONNULL = YES;
				CLANG_ANALYZER_NUMBER_OBJECT_CONVERSION = YES_AGGRESSIVE;
				CLANG_CXX_LANGUAGE_STANDARD = "gnu++20";
				CLANG_ENABLE_MODULES = YES;
				CLANG_ENABLE_OBJC_ARC = YES;
				CLANG_ENABLE_OBJC_WEAK = YES;
				CLANG_WARN_BLOCK_CAPTURE_AUTORELEASING = YES;
				CLANG_WARN_BOOL_CONVERSION = YES;
				CLANG_WARN_COMMA = YES;
				CLANG_WARN_CONSTANT_CONVERSION = YES;
				CLANG_WARN_DEPRECATED_OBJC_IMPLEMENTATIONS = YES;
				CLANG_WARN_DIRECT_OBJC_ISA_USAGE = YES_ERROR;
				CLANG_WARN_DOCUMENTATION_COMMENTS = YES;
				CLANG_WARN_EMPTY_BODY = YES;
				CLANG_WARN_ENUM_CONVERSION = YES;
				CLANG_WARN_INFINITE_RECURSION = YES;
				CLANG_WARN_INT_CONVERSION = YES;
				CLANG_WARN_NON_LITERAL_NULL_CONVERSION = YES;
				CLANG_WARN_OBJC_IMPLICIT_RETAIN_SELF = YES;
				CLANG_WARN_OBJC_LITERAL_CONVERSION = YES;
				CLANG_WARN_OBJC_ROOT_CLASS = YES_ERROR;
				CLANG_WARN_QUOTED_INCLUDE_IN_FRAMEWORK_HEADER = YES;
				CLANG_WARN_RANGE_LOOP_ANALYSIS = YES;
				CLANG_WARN_STRICT_PROTOTYPES = YES;
				CLANG_WARN_SUSPICIOUS_MOVE = YES;
				CLANG_WARN_UNGUARDED_AVAILABILITY = YES_AGGRESSIVE;
				CLANG_WARN_UNREACHABLE_CODE = YES;
				CLANG_WARN__DUPLICATE_METHOD_MATCH = YES;
				COPY_PHASE_STRIP = NO;
				DEBUG_INFORMATION_FORMAT = "dwarf-with-dsym";
				ENABLE_NS_ASSERTIONS = NO;
				ENABLE_STRICT_OBJC_MSGSEND = YES;
				GCC_C_LANGUAGE_STANDARD = gnu11;
				GCC_NO_COMMON_BLOCKS = YES;
				GCC_WARN_64_TO_32_BIT_CONVERSION = YES;
				GCC_WARN_ABOUT_RETURN_TYPE = YES_ERROR;
				GCC_WARN_UNDECLARED_SELECTOR = YES;
				GCC_WARN_UNINITIALIZED_AUTOS = YES_AGGRESSIVE;
				GCC_WARN_UNUSED_FUNCTION = YES;
				GCC_WARN_UNUSED_VARIABLE = YES;
				IPHONEOS_DEPLOYMENT_TARGET = 16.2;
				MTL_ENABLE_DEBUG_INFO = NO;
				MTL_FAST_MATH = YES;
				SDKROOT = iphoneos;
				SWIFT_COMPILATION_MODE = wholemodule;
				SWIFT_OPTIMIZATION_LEVEL = "-O";
				VALIDATE_PRODUCT = YES;
			};
			name = Release;
		};
		3043365D2AC8CC31006AF34B /* Debug */ = {
			isa = XCBuildConfiguration;
			buildSettings = {
				ASSETCATALOG_COMPILER_APPICON_NAME = AppIcon;
				ASSETCATALOG_COMPILER_GLOBAL_ACCENT_COLOR_NAME = AccentColor;
				CODE_SIGN_STYLE = Automatic;
				CURRENT_PROJECT_VERSION = 1;
				DEVELOPMENT_ASSET_PATHS = "\"Task List/Preview Content\"";
				ENABLE_PREVIEWS = YES;
				GENERATE_INFOPLIST_FILE = YES;
				INFOPLIST_KEY_UIApplicationSceneManifest_Generation = YES;
				INFOPLIST_KEY_UIApplicationSupportsIndirectInputEvents = YES;
				INFOPLIST_KEY_UILaunchScreen_Generation = YES;
				INFOPLIST_KEY_UISupportedInterfaceOrientations_iPad = "UIInterfaceOrientationPortrait UIInterfaceOrientationPortraitUpsideDown UIInterfaceOrientationLandscapeLeft UIInterfaceOrientationLandscapeRight";
				INFOPLIST_KEY_UISupportedInterfaceOrientations_iPhone = "UIInterfaceOrientationPortrait UIInterfaceOrientationLandscapeLeft UIInterfaceOrientationLandscapeRight";
				LD_RUNPATH_SEARCH_PATHS = (
					"$(inherited)",
					"@executable_path/Frameworks",
				);
				MARKETING_VERSION = 1.0;
				PRODUCT_BUNDLE_IDENTIFIER = "com.swiftUIProjects.Task-List";
				PRODUCT_NAME = "$(TARGET_NAME)";
				SWIFT_EMIT_LOC_STRINGS = YES;
				SWIFT_VERSION = 5.0;
				TARGETED_DEVICE_FAMILY = "1,2";
			};
			name = Debug;
		};
		3043365E2AC8CC31006AF34B /* Release */ = {
			isa = XCBuildConfiguration;
			buildSettings = {
				ASSETCATALOG_COMPILER_APPICON_NAME = AppIcon;
				ASSETCATALOG_COMPILER_GLOBAL_ACCENT_COLOR_NAME = AccentColor;
				CODE_SIGN_STYLE = Automatic;
				CURRENT_PROJECT_VERSION = 1;
				DEVELOPMENT_ASSET_PATHS = "\"Task List/Preview Content\"";
				ENABLE_PREVIEWS = YES;
				GENERATE_INFOPLIST_FILE = YES;
				INFOPLIST_KEY_UIApplicationSceneManifest_Generation = YES;
				INFOPLIST_KEY_UIApplicationSupportsIndirectInputEvents = YES;
				INFOPLIST_KEY_UILaunchScreen_Generation = YES;
				INFOPLIST_KEY_UISupportedInterfaceOrientations_iPad = "UIInterfaceOrientationPortrait UIInterfaceOrientationPortraitUpsideDown UIInterfaceOrientationLandscapeLeft UIInterfaceOrientationLandscapeRight";
				INFOPLIST_KEY_UISupportedInterfaceOrientations_iPhone = "UIInterfaceOrientationPortrait UIInterfaceOrientationLandscapeLeft UIInterfaceOrientationLandscapeRight";
				LD_RUNPATH_SEARCH_PATHS = (
					"$(inherited)",
					"@executable_path/Frameworks",
				);
				MARKETING_VERSION = 1.0;
				PRODUCT_BUNDLE_IDENTIFIER = "com.swiftUIProjects.Task-List";
				PRODUCT_NAME = "$(TARGET_NAME)";
				SWIFT_EMIT_LOC_STRINGS = YES;
				SWIFT_VERSION = 5.0;
				TARGETED_DEVICE_FAMILY = "1,2";
			};
			name = Release;
		};
/* End XCBuildConfiguration section */

/* Begin XCConfigurationList section */
		304336492AC8CC2F006AF34B /* Build configuration list for PBXProject "Task List" */ = {
			isa = XCConfigurationList;
			buildConfigurations = (
				3043365A2AC8CC31006AF34B /* Debug */,
				3043365B2AC8CC31006AF34B /* Release */,
			);
			defaultConfigurationIsVisible = 0;
			defaultConfigurationName = Release;
		};
		3043365C2AC8CC31006AF34B /* Build configuration list for PBXNativeTarget "Task List" */ = {
			isa = XCConfigurationList;
			buildConfigurations = (
				3043365D2AC8CC31006AF34B /* Debug */,
				3043365E2AC8CC31006AF34B /* Release */,
			);
			defaultConfigurationIsVisible = 0;
			defaultConfigurationName = Release;
		};
/* End XCConfigurationList section */
	};
	rootObject = 304336462AC8CC2F006AF34B /* Project object */;
}
